PODS:
  - AliAuthSDK (1.1.0.41-bc)
  - AlibcTradeSDK (4.0.1.6)
  - AliLinkPartnerSDK (4.0.0.24)
  - BCUserTrack (5.2.0.18-appkeys):
    - UTDID
  - Flutter (1.0.0)
  - flutter_alibc (0.0.1):
    - AliAuthSDK (= 1.1.0.41-bc)
    - AlibcTradeSDK (= 4.0.1.6)
    - AliLinkPartnerSDK (= 4.0.0.24)
    - BCUserTrack (= 5.2.0.18-appkeys)
    - Flutter
    - mtopSDK (= 3.0.0.3-BC)
    - securityGuard (= 5.4.191)
    - UTDID (= 1.5.0.91)
    - WindVane (= 8.5.0.46-bc11)
  - mtopSDK (3.0.0.3-BC)
  - securityGuard (5.4.191)
  - UTDID (1.5.0.91)
  - WindVane (8.5.0.46-bc11):
    - WindVane/Basic (= 8.5.0.46-bc11)
    - WindVane/Core (= 8.5.0.46-bc11)
    - WindVane/WindVane (= 8.5.0.46-bc11)
  - WindVane/Basic (8.5.0.46-bc11)
  - WindVane/Core (8.5.0.46-bc11)
  - WindVane/WindVane (8.5.0.46-bc11)

DEPENDENCIES:
  - Flutter (from `Flutter`)
  - flutter_alibc (from `.symlinks/plugins/flutter_alibc/ios`)

SPEC REPOS:
  http://repo.baichuan-ios.taobao.com/baichuanSDK/AliBCSpecs.git:
    - AliAuthSDK
    - AlibcTradeSDK
    - AliLinkPartnerSDK
    - BCUserTrack
    - mtopSDK
    - securityGuard
    - UTDID
    - WindVane

EXTERNAL SOURCES:
  Flutter:
    :path: Flutter
  flutter_alibc:
    :path: ".symlinks/plugins/flutter_alibc/ios"

SPEC CHECKSUMS:
  AliAuthSDK: 7018e8f3c8be3382e60f69d3b517c7de34c351e0
  AlibcTradeSDK: 9a3e7af6cd648dd1f85684e82694c213fe48dad2
  AliLinkPartnerSDK: c5778cdfdcee7bfe342238d39a77766184d36a46
  BCUserTrack: 49251c6fb7c65cbbc221a492bbd3f3e142f1fb0f
  Flutter: 434fef37c0980e73bb6479ef766c45957d4b510c
  flutter_alibc: 248be15b9c3ac57596da069108855a55eac254a8
  mtopSDK: d6fdf81730342a69be920b576541c7bb81a683d5
  securityGuard: 9c04c44a3b663f36e15064042abfc107fa07133c
  UTDID: 7860884a89209c8f1306740ff22cf117d72b6d8a
  WindVane: 56e096abae757397ccd3accb66a959f3ffcbf949

PODFILE CHECKSUM: 2bb2c1bf4ab8d000cd9c26a9747a0ca33886a615

COCOAPODS: 1.11.2
